// !$*UTF8*$!
{
	archiveVersion = 1;
	classes = {
	};
	objectVersion = 48;
	objects = {

/* Begin PBXBuildFile section */
		C42F2CCE3F8B02047289780F /* Pods_Alamofire_Practice.framework in Frameworks */ = {isa = PBXBuildFile; fileRef = 2179611B21E9EFAABDFB101B /* Pods_Alamofire_Practice.framework */; };
		F5077C872067BF9B0006D01E /* AppDelegate.swift in Sources */ = {isa = PBXBuildFile; fileRef = F5077C862067BF9B0006D01E /* AppDelegate.swift */; };
		F5077C892067BF9B0006D01E /* ViewController.swift in Sources */ = {isa = PBXBuildFile; fileRef = F5077C882067BF9B0006D01E /* ViewController.swift */; };
		F5077C8C2067BF9B0006D01E /* Main.storyboard in Resources */ = {isa = PBXBuildFile; fileRef = F5077C8A2067BF9B0006D01E /* Main.storyboard */; };
		F5077C8E2067BF9B0006D01E /* Assets.xcassets in Resources */ = {isa = PBXBuildFile; fileRef = F5077C8D2067BF9B0006D01E /* Assets.xcassets */; };
		F5077C912067BF9B0006D01E /* LaunchScreen.storyboard in Resources */ = {isa = PBXBuildFile; fileRef = F5077C8F2067BF9B0006D01E /* LaunchScreen.storyboard */; };
/* End PBXBuildFile section */

/* Begin PBXFileReference section */
		0EA28A3EDE1D609BB051962A /* Pods-Alamofire-Practice.debug.xcconfig */ = {isa = PBXFileReference; includeInIndex = 1; lastKnownFileType = text.xcconfig; name = "Pods-Alamofire-Practice.debug.xcconfig"; path = "Pods/Target Support Files/Pods-Alamofire-Practice/Pods-Alamofire-Practice.debug.xcconfig"; sourceTree = "<group>"; };
		2179611B21E9EFAABDFB101B /* Pods_Alamofire_Practice.framework */ = {isa = PBXFileReference; explicitFileType = wrapper.framework; includeInIndex = 0; path = Pods_Alamofire_Practice.framework; sourceTree = BUILT_PRODUCTS_DIR; };
		5894559748EE518165CEF80F /* Pods-Alamofire-Practice.release.xcconfig */ = {isa = PBXFileReference; includeInIndex = 1; lastKnownFileType = text.xcconfig; name = "Pods-Alamofire-Practice.release.xcconfig"; path = "Pods/Target Support Files/Pods-Alamofire-Practice/Pods-Alamofire-Practice.release.xcconfig"; sourceTree = "<group>"; };
		F5077C832067BF9B0006D01E /* Alamofire-Practice.app */ = {isa = PBXFileReference; explicitFileType = wrapper.application; includeInIndex = 0; path = "Alamofire-Practice.app"; sourceTree = BUILT_PRODUCTS_DIR; };
		F5077C862067BF9B0006D01E /* AppDelegate.swift */ = {isa = PBXFileReference; lastKnownFileType = sourcecode.swift; path = AppDelegate.swift; sourceTree = "<group>"; };
		F5077C882067BF9B0006D01E /* ViewController.swift */ = {isa = PBXFileReference; lastKnownFileType = sourcecode.swift; path = ViewController.swift; sourceTree = "<group>"; };
		F5077C8B2067BF9B0006D01E /* Base */ = {isa = PBXFileReference; lastKnownFileType = file.storyboard; name = Base; path = Base.lproj/Main.storyboard; sourceTree = "<group>"; };
		F5077C8D2067BF9B0006D01E /* Assets.xcassets */ = {isa = PBXFileReference; lastKnownFileType = folder.assetcatalog; path = Assets.xcassets; sourceTree = "<group>"; };
		F5077C902067BF9B0006D01E /* Base */ = {isa = PBXFileReference; lastKnownFileType = file.storyboard; name = Base; path = Base.lproj/LaunchScreen.storyboard; sourceTree = "<group>"; };
		F5077C922067BF9B0006D01E /* Info.plist */ = {isa = PBXFileReference; lastKnownFileType = text.plist.xml; path = Info.plist; sourceTree = "<group>"; };
/* End PBXFileReference section */

/* Begin PBXFrameworksBuildPhase section */
		F5077C802067BF9B0006D01E /* Frameworks */ = {
			isa = PBXFrameworksBuildPhase;
			buildActionMask = 2147483647;
			files = (
				C42F2CCE3F8B02047289780F /* Pods_Alamofire_Practice.framework in Frameworks */,
			);
			runOnlyForDeploymentPostprocessing = 0;
		};
/* End PBXFrameworksBuildPhase section */

/* Begin PBXGroup section */
		887E6CBBFBC098BAA925DF2B /* Pods */ = {
			isa = PBXGroup;
			children = (
				0EA28A3EDE1D609BB051962A /* Pods-Alamofire-Practice.debug.xcconfig */,
				5894559748EE518165CEF80F /* Pods-Alamofire-Practice.release.xcconfig */,
			);
			name = Pods;
			sourceTree = "<group>";
		};
		BF11AD8A57F297B2E6BADB21 /* Frameworks */ = {
			isa = PBXGroup;
			children = (
				2179611B21E9EFAABDFB101B /* Pods_Alamofire_Practice.framework */,
			);
			name = Frameworks;
			sourceTree = "<group>";
		};
		F5077C7A2067BF9B0006D01E = {
			isa = PBXGroup;
			children = (
				F5077C852067BF9B0006D01E /* Alamofire-Practice */,
				F5077C842067BF9B0006D01E /* Products */,
				887E6CBBFBC098BAA925DF2B /* Pods */,
				BF11AD8A57F297B2E6BADB21 /* Frameworks */,
			);
			sourceTree = "<group>";
		};
		F5077C842067BF9B0006D01E /* Products */ = {
			isa = PBXGroup;
			children = (
				F5077C832067BF9B0006D01E /* Alamofire-Practice.app */,
			);
			name = Products;
			sourceTree = "<group>";
		};
		F5077C852067BF9B0006D01E /* Alamofire-Practice */ = {
			isa = PBXGroup;
			children = (
				F5077C862067BF9B0006D01E /* AppDelegate.swift */,
				F5077C882067BF9B0006D01E /* ViewController.swift */,
				F5077C8A2067BF9B0006D01E /* Main.storyboard */,
				F5077C8D2067BF9B0006D01E /* Assets.xcassets */,
				F5077C8F2067BF9B0006D01E /* LaunchScreen.storyboard */,
				F5077C922067BF9B0006D01E /* Info.plist */,
			);
			path = "Alamofire-Practice";
			sourceTree = "<group>";
		};
/* End PBXGroup section */

/* Begin PBXNativeTarget section */
		F5077C822067BF9B0006D01E /* Alamofire-Practice */ = {
			isa = PBXNativeTarget;
			buildConfigurationList = F5077C952067BF9B0006D01E /* Build configuration list for PBXNativeTarget "Alamofire-Practice" */;
			buildPhases = (
				E1C3246C47557A08B159FED4 /* [CP] Check Pods Manifest.lock */,
				F5077C7F2067BF9B0006D01E /* Sources */,
				F5077C802067BF9B0006D01E /* Frameworks */,
				F5077C812067BF9B0006D01E /* Resources */,
				45C3AE73883A8BE1602E75A3 /* [CP] Embed Pods Frameworks */,
				2D8E1AFC2AE9647072B698A1 /* [CP] Copy Pods Resources */,
			);
			buildRules = (
			);
			dependencies = (
			);
			name = "Alamofire-Practice";
			productName = "Alamofire-Practice";
			productReference = F5077C832067BF9B0006D01E /* Alamofire-Practice.app */;
			productType = "com.apple.product-type.application";
		};
/* End PBXNativeTarget section */

/* Begin PBXProject section */
		F5077C7B2067BF9B0006D01E /* Project object */ = {
			isa = PBXProject;
			attributes = {
				LastSwiftUpdateCheck = 0920;
				LastUpgradeCheck = 0920;
				ORGANIZATIONNAME = "MySoftheaven BD";
				TargetAttributes = {
					F5077C822067BF9B0006D01E = {
						CreatedOnToolsVersion = 9.2;
						ProvisioningStyle = Automatic;
					};
				};
			};
			buildConfigurationList = F5077C7E2067BF9B0006D01E /* Build configuration list for PBXProject "Alamofire-Practice" */;
			compatibilityVersion = "Xcode 8.0";
			developmentRegion = en;
			hasScannedForEncodings = 0;
			knownRegions = (
				en,
				Base,
			);
			mainGroup = F5077C7A2067BF9B0006D01E;
			productRefGroup = F5077C842067BF9B0006D01E /* Products */;
			projectDirPath = "";
			projectRoot = "";
			targets = (
				F5077C822067BF9B0006D01E /* Alamofire-Practice */,
			);
		};
/* End PBXProject section */

/* Begin PBXResourcesBuildPhase section */
		F5077C812067BF9B0006D01E /* Resources */ = {
			isa = PBXResourcesBuildPhase;
			buildActionMask = 2147483647;
			files = (
				F5077C912067BF9B0006D01E /* LaunchScreen.storyboard in Resources */,
				F5077C8E2067BF9B0006D01E /* Assets.xcassets in Resources */,
				F5077C8C2067BF9B0006D01E /* Main.storyboard in Resources */,
			);
			runOnlyForDeploymentPostprocessing = 0;
		};
/* End PBXResourcesBuildPhase section */

/* Begin PBXShellScriptBuildPhase section */
		2D8E1AFC2AE9647072B698A1 /* [CP] Copy Pods Resources */ = {
			isa = PBXShellScriptBuildPhase;
			buildActionMask = 2147483647;
			files = (
			);
			inputPaths = (
			);
			name = "[CP] Copy Pods Resources";
			outputPaths = (
			);
			runOnlyForDeploymentPostprocessing = 0;
			shellPath = /bin/sh;
			shellScript = "\"${SRCROOT}/Pods/Target Support Files/Pods-Alamofire-Practice/Pods-Alamofire-Practice-resources.sh\"\n";
			showEnvVarsInLog = 0;
		};
		45C3AE73883A8BE1602E75A3 /* [CP] Embed Pods Frameworks */ = {
			isa = PBXShellScriptBuildPhase;
			buildActionMask = 2147483647;
			files = (
			);
			inputPaths = (
				"${SRCROOT}/Pods/Target Support Files/Pods-Alamofire-Practice/Pods-Alamofire-Practice-frameworks.sh",
				"${BUILT_PRODUCTS_DIR}/Alamofire/Alamofire.framework",
			);
			name = "[CP] Embed Pods Frameworks";
			outputPaths = (
				"${TARGET_BUILD_DIR}/${FRAMEWORKS_FOLDER_PATH}/Alamofire.framework",
			);
			runOnlyForDeploymentPostprocessing = 0;
			shellPath = /bin/sh;
			shellScript = "\"${SRCROOT}/Pods/Target Support Files/Pods-Alamofire-Practice/Pods-Alamofire-Practice-frameworks.sh\"\n";
			showEnvVarsInLog = 0;
		};
		E1C3246C47557A08B159FED4 /* [CP] Check Pods Manifest.lock */ = {
			isa = PBXShellScriptBuildPhase;
			buildActionMask = 2147483647;
			files = (
			);
			inputPaths = (
				"${PODS_PODFILE_DIR_PATH}/Podfile.lock",
				"${PODS_ROOT}/Manifest.lock",
			);
			name = "[CP] Check Pods Manifest.lock";
			outputPaths = (
				"$(DERIVED_FILE_DIR)/Pods-Alamofire-Practice-checkManifestLockResult.txt",
			);
			runOnlyForDeploymentPostprocessing = 0;
			shellPath = /bin/sh;
			shellScript = "diff \"${PODS_PODFILE_DIR_PATH}/Podfile.lock\" \"${PODS_ROOT}/Manifest.lock\" > /dev/null\nif [ $? != 0 ] ; then\n    # print error to STDERR\n    echo \"error: The sandbox is not in sync with the Podfile.lock. Run 'pod install' or update your CocoaPods installation.\" >&2\n    exit 1\nfi\n# This output is used by Xcode 'outputs' to avoid re-running this script phase.\necho \"SUCCESS\" > \"${SCRIPT_OUTPUT_FILE_0}\"\n";
			showEnvVarsInLog = 0;
		};
/* End PBXShellScriptBuildPhase section */

/* Begin PBXSourcesBuildPhase section */
		F5077C7F2067BF9B0006D01E /* Sources */ = {
			isa = PBXSourcesBuildPhase;
			buildActionMask = 2147483647;
			files = (
				F5077C892067BF9B0006D01E /* ViewController.swift in Sources */,
				F5077C872067BF9B0006D01E /* AppDelegate.swift in Sources */,
			);
			runOnlyForDeploymentPostprocessing = 0;
		};
/* End PBXSourcesBuildPhase section */

/* Begin PBXVariantGroup section */
		F5077C8A2067BF9B0006D01E /* Main.storyboard */ = {
			isa = PBXVariantGroup;
			children = (
				F5077C8B2067BF9B0006D01E /* Base */,
			);
			name = Main.storyboard;
			sourceTree = "<group>";
		};
		F5077C8F2067BF9B0006D01E /* LaunchScreen.storyboard */ = {
			isa = PBXVariantGroup;
			children = (
				F5077C902067BF9B0006D01E /* Base */,
			);
			name = LaunchScreen.storyboard;
			sourceTree = "<group>";
		};
/* End PBXVariantGroup section */

/* Begin XCBuildConfiguration section */
		F5077C932067BF9B0006D01E /* Debug */ = {
			isa = XCBuildConfiguration;
			buildSettings = {
				ALWAYS_SEARCH_USER_PATHS = NO;
				CLANG_ANALYZER_NONNULL = YES;
				CLANG_ANALYZER_NUMBER_OBJECT_CONVERSION = YES_AGGRESSIVE;
				CLANG_CXX_LANGUAGE_STANDARD = "gnu++14";
				CLANG_CXX_LIBRARY = "libc++";
				CLANG_ENABLE_MODULES = YES;
				CLANG_ENABLE_OBJC_ARC = YES;
				CLANG_WARN_BLOCK_CAPTURE_AUTORELEASING = YES;
				CLANG_WARN_BOOL_CONVERSION = YES;
				CLANG_WARN_COMMA = YES;
				CLANG_WARN_CONSTANT_CONVERSION = YES;
				CLANG_WARN_DIRECT_OBJC_ISA_USAGE = YES_ERROR;
				CLANG_WARN_DOCUMENTATION_COMMENTS = YES;
				CLANG_WARN_EMPTY_BODY = YES;
				CLANG_WARN_ENUM_CONVERSION = YES;
				CLANG_WARN_INFINITE_RECURSION = YES;
				CLANG_WARN_INT_CONVERSION = YES;
				CLANG_WARN_NON_LITERAL_NULL_CONVERSION = YES;
				CLANG_WARN_OBJC_LITERAL_CONVERSION = YES;
				CLANG_WARN_OBJC_ROOT_CLASS = YES_ERROR;
				CLANG_WARN_RANGE_LOOP_ANALYSIS = YES;
				CLANG_WARN_STRICT_PROTOTYPES = YES;
				CLANG_WARN_SUSPICIOUS_MOVE = YES;
				CLANG_WARN_UNGUARDED_AVAILABILITY = YES_AGGRESSIVE;
				CLANG_WARN_UNREACHABLE_CODE = YES;
				CLANG_WARN__DUPLICATE_METHOD_MATCH = YES;
				CODE_SIGN_IDENTITY = "iPhone Developer";
				COPY_PHASE_STRIP = NO;
				DEBUG_INFORMATION_FORMAT = dwarf;
				ENABLE_STRICT_OBJC_MSGSEND = YES;
				ENABLE_TESTABILITY = YES;
				GCC_C_LANGUAGE_STANDARD = gnu11;
				GCC_DYNAMIC_NO_PIC = NO;
				GCC_NO_COMMON_BLOCKS = YES;
				GCC_OPTIMIZATION_LEVEL = 0;
				GCC_PREPROCESSOR_DEFINITIONS = (
					"DEBUG=1",
					"$(inherited)",
				);
				GCC_WARN_64_TO_32_BIT_CONVERSION = YES;
				GCC_WARN_ABOUT_RETURN_TYPE = YES_ERROR;
				GCC_WARN_UNDECLARED_SELECTOR = YES;
				GCC_WARN_UNINITIALIZED_AUTOS = YES_AGGRESSIVE;
				GCC_WARN_UNUSED_FUNCTION = YES;
				GCC_WARN_UNUSED_VARIABLE = YES;
				IPHONEOS_DEPLOYMENT_TARGET = 11.2;
				MTL_ENABLE_DEBUG_INFO = YES;
				ONLY_ACTIVE_ARCH = YES;
				SDKROOT = iphoneos;
				SWIFT_ACTIVE_COMPILATION_CONDITIONS = DEBUG;
				SWIFT_OPTIMIZATION_LEVEL = "-Onone";
			};
			name = Debug;
		};
		F5077C942067BF9B0006D01E /* Release */ = {
			isa = XCBuildConfiguration;
			buildSettings = {
				ALWAYS_SEARCH_USER_PATHS = NO;
				CLANG_ANALYZER_NONNULL = YES;
				CLANG_ANALYZER_NUMBER_OBJECT_CONVERSION = YES_AGGRESSIVE;
				CLANG_CXX_LANGUAGE_STANDARD = "gnu++14";
				CLANG_CXX_LIBRARY = "libc++";
				CLANG_ENABLE_MODULES = YES;
				CLANG_ENABLE_OBJC_ARC = YES;
				CLANG_WARN_BLOCK_CAPTURE_AUTORELEASING = YES;
				CLANG_WARN_BOOL_CONVERSION = YES;
				CLANG_WARN_COMMA = YES;
				CLANG_WARN_CONSTANT_CONVERSION = YES;
				CLANG_WARN_DIRECT_OBJC_ISA_USAGE = YES_ERROR;
				CLANG_WARN_DOCUMENTATION_COMMENTS = YES;
				CLANG_WARN_EMPTY_BODY = YES;
				CLANG_WARN_ENUM_CONVERSION = YES;
				CLANG_WARN_INFINITE_RECURSION = YES;
				CLANG_WARN_INT_CONVERSION = YES;
				CLANG_WARN_NON_LITERAL_NULL_CONVERSION = YES;
				CLANG_WARN_OBJC_LITERAL_CONVERSION = YES;
				CLANG_WARN_OBJC_ROOT_CLASS = YES_ERROR;
				CLANG_WARN_RANGE_LOOP_ANALYSIS = YES;
				CLANG_WARN_STRICT_PROTOTYPES = YES;
				CLANG_WARN_SUSPICIOUS_MOVE = YES;
				CLANG_WARN_UNGUARDED_AVAILABILITY = YES_AGGRESSIVE;
				CLANG_WARN_UNREACHABLE_CODE = YES;
				CLANG_WARN__DUPLICATE_METHOD_MATCH = YES;
				CODE_SIGN_IDENTITY = "iPhone Developer";
				COPY_PHASE_STRIP = NO;
				DEBUG_INFORMATION_FORMAT = "dwarf-with-dsym";
				ENABLE_NS_ASSERTIONS = NO;
				ENABLE_STRICT_OBJC_MSGSEND = YES;
				GCC_C_LANGUAGE_STANDARD = gnu11;
				GCC_NO_COMMON_BLOCKS = YES;
				GCC_WARN_64_TO_32_BIT_CONVERSION = YES;
				GCC_WARN_ABOUT_RETURN_TYPE = YES_ERROR;
				GCC_WARN_UNDECLARED_SELECTOR = YES;
				GCC_WARN_UNINITIALIZED_AUTOS = YES_AGGRESSIVE;
				GCC_WARN_UNUSED_FUNCTION = YES;
				GCC_WARN_UNUSED_VARIABLE = YES;
				IPHONEOS_DEPLOYMENT_TARGET = 11.2;
				MTL_ENABLE_DEBUG_INFO = NO;
				SDKROOT = iphoneos;
				SWIFT_OPTIMIZATION_LEVEL = "-Owholemodule";
				VALIDATE_PRODUCT = YES;
			};
			name = Release;
		};
		F5077C962067BF9B0006D01E /* Debug */ = {
			isa = XCBuildConfiguration;
			baseConfigurationReference = 0EA28A3EDE1D609BB051962A /* Pods-Alamofire-Practice.debug.xcconfig */;
			buildSettings = {
				ASSETCATALOG_COMPILER_APPICON_NAME = AppIcon;
				CODE_SIGN_STYLE = Automatic;
				DEVELOPMENT_TEAM = 7R2BTF5QDD;
				INFOPLIST_FILE = "Alamofire-Practice/Info.plist";
				LD_RUNPATH_SEARCH_PATHS = "$(inherited) @executable_path/Frameworks";
				PRODUCT_BUNDLE_IDENTIFIER = "com.mysoftheavenbd.Alamofire-Practice";
				PRODUCT_NAME = "$(TARGET_NAME)";
				SWIFT_VERSION = 4.0;
				TARGETED_DEVICE_FAMILY = "1,2";
			};
			name = Debug;
		};
		F5077C972067BF9B0006D01E /* Release */ = {
			isa = XCBuildConfiguration;
			baseConfigurationReference = 5894559748EE518165CEF80F /* Pods-Alamofire-Practice.release.xcconfig */;
			buildSettings = {
				ASSETCATALOG_COMPILER_APPICON_NAME = AppIcon;
				CODE_SIGN_STYLE = Automatic;
				DEVELOPMENT_TEAM = 7R2BTF5QDD;
				INFOPLIST_FILE = "Alamofire-Practice/Info.plist";
				LD_RUNPATH_SEARCH_PATHS = "$(inherited) @executable_path/Frameworks";
				PRODUCT_BUNDLE_IDENTIFIER = "com.mysoftheavenbd.Alamofire-Practice";
				PRODUCT_NAME = "$(TARGET_NAME)";
				SWIFT_VERSION = 4.0;
				TARGETED_DEVICE_FAMILY = "1,2";
			};
			name = Release;
		};
/* End XCBuildConfiguration section */

/* Begin XCConfigurationList section */
		F5077C7E2067BF9B0006D01E /* Build configuration list for PBXProject "Alamofire-Practice" */ = {
			isa = XCConfigurationList;
			buildConfigurations = (
				F5077C932067BF9B0006D01E /* Debug */,
				F5077C942067BF9B0006D01E /* Release */,
			);
			defaultConfigurationIsVisible = 0;
			defaultConfigurationName = Release;
		};
		F5077C952067BF9B0006D01E /* Build configuration list for PBXNativeTarget "Alamofire-Practice" */ = {
			isa = XCConfigurationList;
			buildConfigurations = (
				F5077C962067BF9B0006D01E /* Debug */,
				F5077C972067BF9B0006D01E /* Release */,
			);
			defaultConfigurationIsVisible = 0;
			defaultConfigurationName = Release;
		};
/* End XCConfigurationList section */
	};
	rootObject = F5077C7B2067BF9B0006D01E /* Project object */;
}
